
Microsoft Visual Studio Solution File, Format Version 12.00
# Visual Studio Version 16
VisualStudioVersion = 16.0.29306.81
MinimumVisualStudioVersion = 10.0.40219.1
Project("{FAE04EC0-301F-11D3-BF4B-00C04F79EFBC}") = "eRaceWebApp", "eRaceWebApp\eRaceWebApp.csproj", "{D8AC2AAE-CF18-4785-B26C-723E831F290F}"
EndProject
Project("{FAE04EC0-301F-11D3-BF4B-00C04F79EFBC}") = "eRaceSystem", "eRaceSystem\eRaceSystem.csproj", "{1371CC02-DBAF-490D-BB6C-A53FBC037937}"
EndProject
Project("{FAE04EC0-301F-11D3-BF4B-00C04F79EFBC}") = "eRaceSystem.Data", "eRaceSystem.Data\eRaceSystem.Data.csproj", "{4662033A-F2F0-4310-A857-0481FC57E3BD}"
EndProject
Global
	GlobalSection(SolutionConfigurationPlatforms) = preSolution
		Debug|Any CPU = Debug|Any CPU
		Release|Any CPU = Release|Any CPU
	EndGlobalSection
	GlobalSection(ProjectConfigurationPlatforms) = postSolution
		{D8AC2AAE-CF18-4785-B26C-723E831F290F}.Debug|Any CPU.ActiveCfg = Debug|Any CPU
		{D8AC2AAE-CF18-4785-B26C-723E831F290F}.Debug|Any CPU.Build.0 = Debug|Any CPU
		{D8AC2AAE-CF18-4785-B26C-723E831F290F}.Release|Any CPU.ActiveCfg = Release|Any CPU
		{D8AC2AAE-CF18-4785-B26C-723E831F290F}.Release|Any CPU.Build.0 = Release|Any CPU
		{1371CC02-DBAF-490D-BB6C-A53FBC037937}.Debug|Any CPU.ActiveCfg = Debug|Any CPU
		{1371CC02-DBAF-490D-BB6C-A53FBC037937}.Debug|Any CPU.Build.0 = Debug|Any CPU
		{1371CC02-DBAF-490D-BB6C-A53FBC037937}.Release|Any CPU.ActiveCfg = Release|Any CPU
		{1371CC02-DBAF-490D-BB6C-A53FBC037937}.Release|Any CPU.Build.0 = Release|Any CPU
		{4662033A-F2F0-4310-A857-0481FC57E3BD}.Debug|Any CPU.ActiveCfg = Debug|Any CPU
		{4662033A-F2F0-4310-A857-0481FC57E3BD}.Debug|Any CPU.Build.0 = Debug|Any CPU
		{4662033A-F2F0-4310-A857-0481FC57E3BD}.Release|Any CPU.ActiveCfg = Release|Any CPU
		{4662033A-F2F0-4310-A857-0481FC57E3BD}.Release|Any CPU.Build.0 = Release|Any CPU
	EndGlobalSection
	GlobalSection(SolutionProperties) = preSolution
		HideSolutionNode = FALSE
	EndGlobalSection
	GlobalSection(ExtensibilityGlobals) = postSolution
		SolutionGuid = {17CAED16-4404-474D-AEFB-FA288759CBD9}
	EndGlobalSection
EndGlobal
